{
  "name": "getdomain",
  "version": "1.2.1",
  "lockfileVersion": 1,
  "requires": true,
  "dependencies": {
    "psl": {
      "version": "1.1.26",
      "resolved": "https://registry.npmjs.org/psl/-/psl-1.1.26.tgz",
      "integrity": "sha512-nEpCZWXUloiAVG7Prmi+3E4xwpQ948TkT/gXYqaahGIRXyawSem+oOuNeqcWczO3Fz2SvEKM1FDWKl1RrGXeBw=="
    }
  }
}
